
Microsoft Visual Studio Solution File, Format Version 12.00
# Visual Studio Version 17
VisualStudioVersion = 17.5.2.0
MinimumVisualStudioVersion = 10.0.40219.1
Project("{FAE04EC0-301F-11D3-BF4B-00C04F79EFBC}") = "SistemadeAlquilerdeVehículos", "SistemadeAlquilerdeVehículos.csproj", "{916A124E-D731-E538-3E60-4BA9F35840A2}"
EndProject
Global
	GlobalSection(SolutionConfigurationPlatforms) = preSolution
		Debug|Any CPU = Debug|Any CPU
		Release|Any CPU = Release|Any CPU
	EndGlobalSection
	GlobalSection(ProjectConfigurationPlatforms) = postSolution
		{916A124E-D731-E538-3E60-4BA9F35840A2}.Debug|Any CPU.ActiveCfg = Debug|Any CPU
		{916A124E-D731-E538-3E60-4BA9F35840A2}.Debug|Any CPU.Build.0 = Debug|Any CPU
		{916A124E-D731-E538-3E60-4BA9F35840A2}.Release|Any CPU.ActiveCfg = Release|Any CPU
		{916A124E-D731-E538-3E60-4BA9F35840A2}.Release|Any CPU.Build.0 = Release|Any CPU
	EndGlobalSection
	GlobalSection(SolutionProperties) = preSolution
		HideSolutionNode = FALSE
	EndGlobalSection
	GlobalSection(ExtensibilityGlobals) = postSolution
		SolutionGuid = {7CA9C41B-BEBB-42DA-961C-49B94932B764}
	EndGlobalSection
EndGlobal
